// !$*UTF8*$!
{
	archiveVersion = 1;
	classes = {
	};
	objectVersion = 54;
	objects = {

/* Begin PBXBuildFile section */
		1A1A1A1A1A1A1A1A1A1A1A13 /* iOSApp.swift in Sources */ = {isa = PBXBuildFile; fileRef = 1A1A1A1A1A1A1A1A1A1A1A0E /* iOSApp.swift */; };
		1A1A1A1A1A1A1A1A1A1A1A14 /* ContentView.swift in Sources */ = {isa = PBXBuildFile; fileRef = 1A1A1A1A1A1A1A1A1A1A1A0F /* ContentView.swift */; };
		1A1A1A1A1A1A1A1A1A1A1A15 /* Assets.xcassets in Resources */ = {isa = PBXBuildFile; fileRef = 1A1A1A1A1A1A1A1A1A1A1A10 /* Assets.xcassets */; };
		1A1A1A1A1A1A1A1A1A1A1A21 /* Ads.swift in Sources */ = {isa = PBXBuildFile; fileRef = 1A1A1A1A1A1A1A1A1A1A1A20 /* Ads.swift */; };
		1A1A1A1A1A1A1A1A1A1A1A23 /* GoogleMobileAds in Frameworks */ = {isa = PBXBuildFile; productRef = 1A1A1A1A1A1A1A1A1A1A1A25 /* GoogleMobileAds */; };
/* End PBXBuildFile section */

/* Begin PBXFileReference section */
		1A1A1A1A1A1A1A1A1A1A1A0D /* GitDash.app */ = {isa = PBXFileReference; explicitFileType = wrapper.application; includeInIndex = 0; path = GitDash.app; sourceTree = BUILT_PRODUCTS_DIR; };
		1A1A1A1A1A1A1A1A1A1A1A20 /* Ads.swift */ = {isa = PBXFileReference; lastKnownFileType = sourcecode.swift; path = Ads.swift; sourceTree = "<group>"; };
		1A1A1A1A1A1A1A1A1A1A1A0E /* iOSApp.swift */ = {isa = PBXFileReference; lastKnownFileType = sourcecode.swift; path = iOSApp.swift; sourceTree = "<group>"; };
		1A1A1A1A1A1A1A1A1A1A1A0F /* ContentView.swift */ = {isa = PBXFileReference; lastKnownFileType = sourcecode.swift; path = ContentView.swift; sourceTree = "<group>"; };
		1A1A1A1A1A1A1A1A1A1A1A10 /* Assets.xcassets */ = {isa = PBXFileReference; lastKnownFileType = folder.assetcatalog; path = Assets.xcassets; sourceTree = "<group>"; };
		1A1A1A1A1A1A1A1A1A1A1A11 /* Info.plist */ = {isa = PBXFileReference; lastKnownFileType = text.plist.xml; path = Info.plist; sourceTree = "<group>"; };
		1A1A1A1A1A1A1A1A1A1A1A12 /* Config.xcconfig */ = {isa = PBXFileReference; lastKnownFileType = text.xcconfig; path = Config.xcconfig; sourceTree = "<group>"; };
/* End PBXFileReference section */

/* Begin PBXFrameworksBuildPhase section */
		1A1A1A1A1A1A1A1A1A1A1A16 /* Frameworks */ = {
			isa = PBXFrameworksBuildPhase;
			buildActionMask = 2147483647;
			files = (
				1A1A1A1A1A1A1A1A1A1A1A23 /* GoogleMobileAds in Frameworks */,
			);
			runOnlyForDeploymentPostprocessing = 0;
		};
/* End PBXFrameworksBuildPhase section */

/* Begin PBXGroup section */
		1A1A1A1A1A1A1A1A1A1A1A09 = {
			isa = PBXGroup;
			children = (
				1A1A1A1A1A1A1A1A1A1A1A0C /* Configuration */,
				1A1A1A1A1A1A1A1A1A1A1A0A /* iosApp */,
				1A1A1A1A1A1A1A1A1A1A1A0B /* Products */,
			);
			sourceTree = "<group>";
		};
		1A1A1A1A1A1A1A1A1A1A1A0A /* iosApp */ = {
			isa = PBXGroup;
			children = (
				1A1A1A1A1A1A1A1A1A1A1A0E /* iOSApp.swift */,
				1A1A1A1A1A1A1A1A1A1A1A0F /* ContentView.swift */,
				1A1A1A1A1A1A1A1A1A1A1A20 /* Ads.swift */,
				1A1A1A1A1A1A1A1A1A1A1A10 /* Assets.xcassets */,
				1A1A1A1A1A1A1A1A1A1A1A11 /* Info.plist */,
			);
			path = iosApp;
			sourceTree = "<group>";
		};
		1A1A1A1A1A1A1A1A1A1A1A0B /* Products */ = {
			isa = PBXGroup;
			children = (
				1A1A1A1A1A1A1A1A1A1A1A0D /* GitDash.app */,
			);
			name = Products;
			sourceTree = "<group>";
		};
		1A1A1A1A1A1A1A1A1A1A1A0C /* Configuration */ = {
			isa = PBXGroup;
			children = (
				1A1A1A1A1A1A1A1A1A1A1A12 /* Config.xcconfig */,
			);
			path = Configuration;
			sourceTree = "<group>";
		};
/* End PBXGroup section */

/* Begin PBXNativeTarget section */
		1A1A1A1A1A1A1A1A1A1A1A05 /* iosApp */ = {
			isa = PBXNativeTarget;
			buildConfigurationList = 1A1A1A1A1A1A1A1A1A1A1A06 /* Build configuration list for PBXNativeTarget "iosApp" */;
			buildPhases = (
				1A1A1A1A1A1A1A1A1A1A1A19 /* Compile Kotlin Framework */,
				1A1A1A1A1A1A1A1A1A1A1A17 /* Sources */,
				1A1A1A1A1A1A1A1A1A1A1A16 /* Frameworks */,
				1A1A1A1A1A1A1A1A1A1A1A18 /* Resources */,
			);
			buildRules = (
			);
			dependencies = (
			);
			name = iosApp;
			packageProductDependencies = (
				1A1A1A1A1A1A1A1A1A1A1A25 /* GoogleMobileAds */,
			);
			productName = iosApp;
			productReference = 1A1A1A1A1A1A1A1A1A1A1A0D /* GitDash.app */;
			productType = "com.apple.product-type.application";
		};
/* End PBXNativeTarget section */

/* Begin PBXProject section */
		1A1A1A1A1A1A1A1A1A1A1A01 /* Project object */ = {
			isa = PBXProject;
			attributes = {
				BuildIndependentTargetsInParallel = YES;
				LastSwiftUpdateCheck = 1520;
				LastUpgradeCheck = 1520;
				TargetAttributes = {
					1A1A1A1A1A1A1A1A1A1A1A05 = {
						CreatedOnToolsVersion = 15.2;
					};
				};
			};
			buildConfigurationList = 1A1A1A1A1A1A1A1A1A1A1A02 /* Build configuration list for PBXProject "iosApp" */;
			compatibilityVersion = "Xcode 14.0";
			developmentRegion = en;
			hasScannedForEncodings = 0;
			knownRegions = (
				en,
				Base,
			);
			mainGroup = 1A1A1A1A1A1A1A1A1A1A1A09;
			packageReferences = (
				1A1A1A1A1A1A1A1A1A1A1A24 /* XCRemoteSwiftPackageReference "swift-package-manager-google-mobile-ads" */,
			);
			productRefGroup = 1A1A1A1A1A1A1A1A1A1A1A0B /* Products */;
			projectDirPath = "";
			projectRoot = "";
			targets = (
				1A1A1A1A1A1A1A1A1A1A1A05 /* iosApp */,
			);
		};
/* End PBXProject section */

/* Begin PBXResourcesBuildPhase section */
		1A1A1A1A1A1A1A1A1A1A1A18 /* Resources */ = {
			isa = PBXResourcesBuildPhase;
			buildActionMask = 2147483647;
			files = (
				1A1A1A1A1A1A1A1A1A1A1A15 /* Assets.xcassets in Resources */,
			);
			runOnlyForDeploymentPostprocessing = 0;
		};
/* End PBXResourcesBuildPhase section */

/* Begin PBXShellScriptBuildPhase section */
		1A1A1A1A1A1A1A1A1A1A1A19 /* Compile Kotlin Framework */ = {
			isa = PBXShellScriptBuildPhase;
			alwaysOutOfDate = 1;
			buildActionMask = 2147483647;
			files = (
			);
			inputPaths = (
			);
			name = "Compile Kotlin Framework";
			outputPaths = (
			);
			runOnlyForDeploymentPostprocessing = 0;
			shellPath = /bin/sh;
			shellScript = "cd \"$SRCROOT/..\"\n./gradlew :app:embedAndSignAppleFrameworkForXcode\n";
		};
/* End PBXShellScriptBuildPhase section */

/* Begin PBXSourcesBuildPhase section */
		1A1A1A1A1A1A1A1A1A1A1A17 /* Sources */ = {
			isa = PBXSourcesBuildPhase;
			buildActionMask = 2147483647;
			files = (
				1A1A1A1A1A1A1A1A1A1A1A14 /* ContentView.swift in Sources */,
				1A1A1A1A1A1A1A1A1A1A1A21 /* Ads.swift in Sources */,
				1A1A1A1A1A1A1A1A1A1A1A13 /* iOSApp.swift in Sources */,
			);
			runOnlyForDeploymentPostprocessing = 0;
		};
/* End PBXSourcesBuildPhase section */

/* Begin XCBuildConfiguration section */
		1A1A1A1A1A1A1A1A1A1A1A03 /* Debug */ = {
			isa = XCBuildConfiguration;
			baseConfigurationReference = 1A1A1A1A1A1A1A1A1A1A1A12 /* Config.xcconfig */;
			buildSettings = {
				ALWAYS_SEARCH_USER_PATHS = NO;
				CLANG_ENABLE_MODULES = YES;
				CLANG_ENABLE_OBJC_ARC = YES;
				ENABLE_STRICT_OBJC_MSGSEND = YES;
				ENABLE_USER_SCRIPT_SANDBOXING = NO;
				GCC_C_LANGUAGE_STANDARD = gnu17;
				IPHONEOS_DEPLOYMENT_TARGET = 15.0;
				ONLY_ACTIVE_ARCH = YES;
				SDKROOT = iphoneos;
				SWIFT_ACTIVE_COMPILATION_CONDITIONS = DEBUG;
				SWIFT_OPTIMIZATION_LEVEL = "-Onone";
			};
			name = Debug;
		};
		1A1A1A1A1A1A1A1A1A1A1A04 /* Release */ = {
			isa = XCBuildConfiguration;
			baseConfigurationReference = 1A1A1A1A1A1A1A1A1A1A1A12 /* Config.xcconfig */;
			buildSettings = {
				ALWAYS_SEARCH_USER_PATHS = NO;
				CLANG_ENABLE_MODULES = YES;
				CLANG_ENABLE_OBJC_ARC = YES;
				ENABLE_NS_ASSERTIONS = NO;
				ENABLE_STRICT_OBJC_MSGSEND = YES;
				ENABLE_USER_SCRIPT_SANDBOXING = NO;
				GCC_C_LANGUAGE_STANDARD = gnu17;
				IPHONEOS_DEPLOYMENT_TARGET = 15.0;
				SDKROOT = iphoneos;
				SWIFT_COMPILATION_MODE = wholemodule;
				VALIDATE_PRODUCT = YES;
			};
			name = Release;
		};
		1A1A1A1A1A1A1A1A1A1A1A07 /* Debug */ = {
			isa = XCBuildConfiguration;
			buildSettings = {
				ASSETCATALOG_COMPILER_APPICON_NAME = AppIcon;
				ASSETCATALOG_COMPILER_GLOBAL_ACCENT_COLOR_NAME = AccentColor;
				CODE_SIGN_STYLE = Automatic;
				CURRENT_PROJECT_VERSION = 1;
				DEVELOPMENT_TEAM = "$(TEAM_ID)";
				ENABLE_PREVIEWS = YES;
				FRAMEWORK_SEARCH_PATHS = "$(SRCROOT)/../app/build/xcode-frameworks/$(CONFIGURATION)/$(SDK_NAME)";
				GENERATE_INFOPLIST_FILE = NO;
				INFOPLIST_FILE = iosApp/Info.plist;
				IPHONEOS_DEPLOYMENT_TARGET = 15.0;
				LD_RUNPATH_SEARCH_PATHS = (
					"$(inherited)",
					"@executable_path/Frameworks",
				);
				MARKETING_VERSION = 1.0;
				PRODUCT_BUNDLE_IDENTIFIER = "$(BUNDLE_ID)";
				PRODUCT_NAME = "$(APP_NAME)";
				SWIFT_VERSION = 5.0;
				TARGETED_DEVICE_FAMILY = "1,2";
			};
			name = Debug;
		};
		1A1A1A1A1A1A1A1A1A1A1A08 /* Release */ = {
			isa = XCBuildConfiguration;
			buildSettings = {
				ASSETCATALOG_COMPILER_APPICON_NAME = AppIcon;
				ASSETCATALOG_COMPILER_GLOBAL_ACCENT_COLOR_NAME = AccentColor;
				CODE_SIGN_STYLE = Automatic;
				CURRENT_PROJECT_VERSION = 1;
				DEVELOPMENT_TEAM = "$(TEAM_ID)";
				ENABLE_PREVIEWS = YES;
				FRAMEWORK_SEARCH_PATHS = "$(SRCROOT)/../app/build/xcode-frameworks/$(CONFIGURATION)/$(SDK_NAME)";
				GENERATE_INFOPLIST_FILE = NO;
				INFOPLIST_FILE = iosApp/Info.plist;
				IPHONEOS_DEPLOYMENT_TARGET = 15.0;
				LD_RUNPATH_SEARCH_PATHS = (
					"$(inherited)",
					"@executable_path/Frameworks",
				);
				MARKETING_VERSION = 1.0;
				PRODUCT_BUNDLE_IDENTIFIER = "$(BUNDLE_ID)";
				PRODUCT_NAME = "$(APP_NAME)";
				SWIFT_VERSION = 5.0;
				TARGETED_DEVICE_FAMILY = "1,2";
			};
			name = Release;
		};
/* End XCBuildConfiguration section */

/* Begin XCConfigurationList section */
		1A1A1A1A1A1A1A1A1A1A1A02 /* Build configuration list for PBXProject "iosApp" */ = {
			isa = XCConfigurationList;
			buildConfigurations = (
				1A1A1A1A1A1A1A1A1A1A1A03 /* Debug */,
				1A1A1A1A1A1A1A1A1A1A1A04 /* Release */,
			);
			defaultConfigurationIsVisible = 0;
			defaultConfigurationName = Release;
		};
		1A1A1A1A1A1A1A1A1A1A1A06 /* Build configuration list for PBXNativeTarget "iosApp" */ = {
			isa = XCConfigurationList;
			buildConfigurations = (
				1A1A1A1A1A1A1A1A1A1A1A07 /* Debug */,
				1A1A1A1A1A1A1A1A1A1A1A08 /* Release */,
			);
			defaultConfigurationIsVisible = 0;
			defaultConfigurationName = Release;
		};
/* End XCConfigurationList section */

/* Begin XCRemoteSwiftPackageReference section */
		1A1A1A1A1A1A1A1A1A1A1A24 /* XCRemoteSwiftPackageReference "swift-package-manager-google-mobile-ads" */ = {
			isa = XCRemoteSwiftPackageReference;
			repositoryURL = "https://github.com/googleads/swift-package-manager-google-mobile-ads.git";
			requirement = {
				kind = upToNextMajorVersion;
				minimumVersion = 11.0.0;
			};
		};
/* End XCRemoteSwiftPackageReference section */

/* Begin XCSwiftPackageProductDependency section */
		1A1A1A1A1A1A1A1A1A1A1A25 /* GoogleMobileAds */ = {
			isa = XCSwiftPackageProductDependency;
			package = 1A1A1A1A1A1A1A1A1A1A1A24 /* XCRemoteSwiftPackageReference "swift-package-manager-google-mobile-ads" */;
			productName = GoogleMobileAds;
		};
/* End XCSwiftPackageProductDependency section */
	};
	rootObject = 1A1A1A1A1A1A1A1A1A1A1A01 /* Project object */;
}
